github.com/eknkc/basex v1.0.0 h1:R2zGRGJAcqEES03GqHU9leUF5n4Pg6ahazPbSTQWCWc=
github.com/eknkc/basex v1.0.0/go.mod h1:k/F/exNEHFdbs3ZHuasoP2E7zeWwZblG84Y7Z59vQRo=
github.com/gofrs/uuid v4.2.0+incompatible h1:yyYWMnhkhrKwwr8gAOcOCYxOOscHgDS9yZgBrnJfGa0=
github.com/gofrs/uuid v4.2.0+incompatible/go.mod h1:b2aQJv3Z4Fp6yNu3cdSllBxTCLRxnplIgP/c0N/04lM=
github.com/leanovate/gopter v0.2.4 h1:U4YLBggDFhJdqQsG4Na2zX7joVTky9vHaj/AGEwSuXU=
github.com/leanovate/gopter v0.2.4/go.mod h1:gNcbPWNEWRe4lm+bycKqxUYoH5uoVje5SkOJ3uoLer8=
